// !$*UTF8*$!
{
	archiveVersion = 1;
	classes = {
	};
	objectVersion = 46;
	objects = {

/* Begin PBXBuildFile section */
		00B2BA101CD4538200A526BD /* main.m in Sources */ = {isa = PBXBuildFile; fileRef = 00B2BA0F1CD4538200A526BD /* main.m */; };
		00B2BA131CD4538200A526BD /* AppDelegate.m in Sources */ = {isa = PBXBuildFile; fileRef = 00B2BA121CD4538200A526BD /* AppDelegate.m */; };
		00B2BA161CD4538200A526BD /* ViewController.m in Sources */ = {isa = PBXBuildFile; fileRef = 00B2BA151CD4538200A526BD /* ViewController.m */; };
		00B2BA191CD4538200A526BD /* Main.storyboard in Resources */ = {isa = PBXBuildFile; fileRef = 00B2BA171CD4538200A526BD /* Main.storyboard */; };
		00B2BA1B1CD4538200A526BD /* Assets.xcassets in Resources */ = {isa = PBXBuildFile; fileRef = 00B2BA1A1CD4538200A526BD /* Assets.xcassets */; };
		00B2BA1E1CD4538300A526BD /* LaunchScreen.storyboard in Resources */ = {isa = PBXBuildFile; fileRef = 00B2BA1C1CD4538300A526BD /* LaunchScreen.storyboard */; };
		00B2BA291CD4538300A526BD /* IntroductionVCTests.m in Sources */ = {isa = PBXBuildFile; fileRef = 00B2BA281CD4538300A526BD /* IntroductionVCTests.m */; };
		00B2BA341CD4538300A526BD /* IntroductionVCUITests.m in Sources */ = {isa = PBXBuildFile; fileRef = 00B2BA331CD4538300A526BD /* IntroductionVCUITests.m */; };
		00B2BA441CD4550C00A526BD /* IntroductionVC.m in Sources */ = {isa = PBXBuildFile; fileRef = 00B2BA431CD4550C00A526BD /* IntroductionVC.m */; settings = {ASSET_TAGS = (); }; };
		00B2BA461CD82F2000A526BD /* IMG_0108.png in Resources */ = {isa = PBXBuildFile; fileRef = 00B2BA451CD82F2000A526BD /* IMG_0108.png */; settings = {ASSET_TAGS = (); }; };
/* End PBXBuildFile section */

/* Begin PBXContainerItemProxy section */
		00B2BA251CD4538300A526BD /* PBXContainerItemProxy */ = {
			isa = PBXContainerItemProxy;
			containerPortal = 00B2BA031CD4538200A526BD /* Project object */;
			proxyType = 1;
			remoteGlobalIDString = 00B2BA0A1CD4538200A526BD;
			remoteInfo = IntroductionVC;
		};
		00B2BA301CD4538300A526BD /* PBXContainerItemProxy */ = {
			isa = PBXContainerItemProxy;
			containerPortal = 00B2BA031CD4538200A526BD /* Project object */;
			proxyType = 1;
			remoteGlobalIDString = 00B2BA0A1CD4538200A526BD;
			remoteInfo = IntroductionVC;
		};
/* End PBXContainerItemProxy section */

/* Begin PBXFileReference section */
		00B2BA0B1CD4538200A526BD /* IntroductionVC.app */ = {isa = PBXFileReference; explicitFileType = wrapper.application; includeInIndex = 0; path = IntroductionVC.app; sourceTree = BUILT_PRODUCTS_DIR; };
		00B2BA0F1CD4538200A526BD /* main.m */ = {isa = PBXFileReference; lastKnownFileType = sourcecode.c.objc; path = main.m; sourceTree = "<group>"; };
		00B2BA111CD4538200A526BD /* AppDelegate.h */ = {isa = PBXFileReference; lastKnownFileType = sourcecode.c.h; path = AppDelegate.h; sourceTree = "<group>"; };
		00B2BA121CD4538200A526BD /* AppDelegate.m */ = {isa = PBXFileReference; lastKnownFileType = sourcecode.c.objc; path = AppDelegate.m; sourceTree = "<group>"; };
		00B2BA141CD4538200A526BD /* ViewController.h */ = {isa = PBXFileReference; lastKnownFileType = sourcecode.c.h; path = ViewController.h; sourceTree = "<group>"; };
		00B2BA151CD4538200A526BD /* ViewController.m */ = {isa = PBXFileReference; lastKnownFileType = sourcecode.c.objc; path = ViewController.m; sourceTree = "<group>"; };
		00B2BA181CD4538200A526BD /* Base */ = {isa = PBXFileReference; lastKnownFileType = file.storyboard; name = Base; path = Base.lproj/Main.storyboard; sourceTree = "<group>"; };
		00B2BA1A1CD4538200A526BD /* Assets.xcassets */ = {isa = PBXFileReference; lastKnownFileType = folder.assetcatalog; path = Assets.xcassets; sourceTree = "<group>"; };
		00B2BA1D1CD4538300A526BD /* Base */ = {isa = PBXFileReference; lastKnownFileType = file.storyboard; name = Base; path = Base.lproj/LaunchScreen.storyboard; sourceTree = "<group>"; };
		00B2BA1F1CD4538300A526BD /* Info.plist */ = {isa = PBXFileReference; lastKnownFileType = text.plist.xml; path = Info.plist; sourceTree = "<group>"; };
		00B2BA241CD4538300A526BD /* IntroductionVCTests.xctest */ = {isa = PBXFileReference; explicitFileType = wrapper.cfbundle; includeInIndex = 0; path = IntroductionVCTests.xctest; sourceTree = BUILT_PRODUCTS_DIR; };
		00B2BA281CD4538300A526BD /* IntroductionVCTests.m */ = {isa = PBXFileReference; lastKnownFileType = sourcecode.c.objc; path = IntroductionVCTests.m; sourceTree = "<group>"; };
		00B2BA2A1CD4538300A526BD /* Info.plist */ = {isa = PBXFileReference; lastKnownFileType = text.plist.xml; path = Info.plist; sourceTree = "<group>"; };
		00B2BA2F1CD4538300A526BD /* IntroductionVCUITests.xctest */ = {isa = PBXFileReference; explicitFileType = wrapper.cfbundle; includeInIndex = 0; path = IntroductionVCUITests.xctest; sourceTree = BUILT_PRODUCTS_DIR; };
		00B2BA331CD4538300A526BD /* IntroductionVCUITests.m */ = {isa = PBXFileReference; lastKnownFileType = sourcecode.c.objc; path = IntroductionVCUITests.m; sourceTree = "<group>"; };
		00B2BA351CD4538300A526BD /* Info.plist */ = {isa = PBXFileReference; lastKnownFileType = text.plist.xml; path = Info.plist; sourceTree = "<group>"; };
		00B2BA421CD4550C00A526BD /* IntroductionVC.h */ = {isa = PBXFileReference; fileEncoding = 4; lastKnownFileType = sourcecode.c.h; path = IntroductionVC.h; sourceTree = "<group>"; };
		00B2BA431CD4550C00A526BD /* IntroductionVC.m */ = {isa = PBXFileReference; fileEncoding = 4; lastKnownFileType = sourcecode.c.objc; path = IntroductionVC.m; sourceTree = "<group>"; };
		00B2BA451CD82F2000A526BD /* IMG_0108.png */ = {isa = PBXFileReference; lastKnownFileType = image.png; path = IMG_0108.png; sourceTree = "<group>"; };
/* End PBXFileReference section */

/* Begin PBXFrameworksBuildPhase section */
		00B2BA081CD4538200A526BD /* Frameworks */ = {
			isa = PBXFrameworksBuildPhase;
			buildActionMask = 2147483647;
			files = (
			);
			runOnlyForDeploymentPostprocessing = 0;
		};
		00B2BA211CD4538300A526BD /* Frameworks */ = {
			isa = PBXFrameworksBuildPhase;
			buildActionMask = 2147483647;
			files = (
			);
			runOnlyForDeploymentPostprocessing = 0;
		};
		00B2BA2C1CD4538300A526BD /* Frameworks */ = {
			isa = PBXFrameworksBuildPhase;
			buildActionMask = 2147483647;
			files = (
			);
			runOnlyForDeploymentPostprocessing = 0;
		};
/* End PBXFrameworksBuildPhase section */

/* Begin PBXGroup section */
		00B2BA021CD4538200A526BD = {
			isa = PBXGroup;
			children = (
				00B2BA0D1CD4538200A526BD /* IntroductionVC */,
				00B2BA271CD4538300A526BD /* IntroductionVCTests */,
				00B2BA321CD4538300A526BD /* IntroductionVCUITests */,
				00B2BA0C1CD4538200A526BD /* Products */,
			);
			sourceTree = "<group>";
		};
		00B2BA0C1CD4538200A526BD /* Products */ = {
			isa = PBXGroup;
			children = (
				00B2BA0B1CD4538200A526BD /* IntroductionVC.app */,
				00B2BA241CD4538300A526BD /* IntroductionVCTests.xctest */,
				00B2BA2F1CD4538300A526BD /* IntroductionVCUITests.xctest */,
			);
			name = Products;
			sourceTree = "<group>";
		};
		00B2BA0D1CD4538200A526BD /* IntroductionVC */ = {
			isa = PBXGroup;
			children = (
				00B2BA451CD82F2000A526BD /* IMG_0108.png */,
				00B2BA411CD454F200A526BD /* class */,
				00B2BA111CD4538200A526BD /* AppDelegate.h */,
				00B2BA121CD4538200A526BD /* AppDelegate.m */,
				00B2BA141CD4538200A526BD /* ViewController.h */,
				00B2BA151CD4538200A526BD /* ViewController.m */,
				00B2BA171CD4538200A526BD /* Main.storyboard */,
				00B2BA1A1CD4538200A526BD /* Assets.xcassets */,
				00B2BA1C1CD4538300A526BD /* LaunchScreen.storyboard */,
				00B2BA1F1CD4538300A526BD /* Info.plist */,
				00B2BA0E1CD4538200A526BD /* Supporting Files */,
			);
			path = IntroductionVC;
			sourceTree = "<group>";
		};
		00B2BA0E1CD4538200A526BD /* Supporting Files */ = {
			isa = PBXGroup;
			children = (
				00B2BA0F1CD4538200A526BD /* main.m */,
			);
			name = "Supporting Files";
			sourceTree = "<group>";
		};
		00B2BA271CD4538300A526BD /* IntroductionVCTests */ = {
			isa = PBXGroup;
			children = (
				00B2BA281CD4538300A526BD /* IntroductionVCTests.m */,
				00B2BA2A1CD4538300A526BD /* Info.plist */,
			);
			path = IntroductionVCTests;
			sourceTree = "<group>";
		};
		00B2BA321CD4538300A526BD /* IntroductionVCUITests */ = {
			isa = PBXGroup;
			children = (
				00B2BA331CD4538300A526BD /* IntroductionVCUITests.m */,
				00B2BA351CD4538300A526BD /* Info.plist */,
			);
			path = IntroductionVCUITests;
			sourceTree = "<group>";
		};
		00B2BA411CD454F200A526BD /* class */ = {
			isa = PBXGroup;
			children = (
				00B2BA421CD4550C00A526BD /* IntroductionVC.h */,
				00B2BA431CD4550C00A526BD /* IntroductionVC.m */,
			);
			path = class;
			sourceTree = "<group>";
		};
/* End PBXGroup section */

/* Begin PBXNativeTarget section */
		00B2BA0A1CD4538200A526BD /* IntroductionVC */ = {
			isa = PBXNativeTarget;
			buildConfigurationList = 00B2BA381CD4538300A526BD /* Build configuration list for PBXNativeTarget "IntroductionVC" */;
			buildPhases = (
				00B2BA071CD4538200A526BD /* Sources */,
				00B2BA081CD4538200A526BD /* Frameworks */,
				00B2BA091CD4538200A526BD /* Resources */,
			);
			buildRules = (
			);
			dependencies = (
			);
			name = IntroductionVC;
			productName = IntroductionVC;
			productReference = 00B2BA0B1CD4538200A526BD /* IntroductionVC.app */;
			productType = "com.apple.product-type.application";
		};
		00B2BA231CD4538300A526BD /* IntroductionVCTests */ = {
			isa = PBXNativeTarget;
			buildConfigurationList = 00B2BA3B1CD4538300A526BD /* Build configuration list for PBXNativeTarget "IntroductionVCTests" */;
			buildPhases = (
				00B2BA201CD4538300A526BD /* Sources */,
				00B2BA211CD4538300A526BD /* Frameworks */,
				00B2BA221CD4538300A526BD /* Resources */,
			);
			buildRules = (
			);
			dependencies = (
				00B2BA261CD4538300A526BD /* PBXTargetDependency */,
			);
			name = IntroductionVCTests;
			productName = IntroductionVCTests;
			productReference = 00B2BA241CD4538300A526BD /* IntroductionVCTests.xctest */;
			productType = "com.apple.product-type.bundle.unit-test";
		};
		00B2BA2E1CD4538300A526BD /* IntroductionVCUITests */ = {
			isa = PBXNativeTarget;
			buildConfigurationList = 00B2BA3E1CD4538300A526BD /* Build configuration list for PBXNativeTarget "IntroductionVCUITests" */;
			buildPhases = (
				00B2BA2B1CD4538300A526BD /* Sources */,
				00B2BA2C1CD4538300A526BD /* Frameworks */,
				00B2BA2D1CD4538300A526BD /* Resources */,
			);
			buildRules = (
			);
			dependencies = (
				00B2BA311CD4538300A526BD /* PBXTargetDependency */,
			);
			name = IntroductionVCUITests;
			productName = IntroductionVCUITests;
			productReference = 00B2BA2F1CD4538300A526BD /* IntroductionVCUITests.xctest */;
			productType = "com.apple.product-type.bundle.ui-testing";
		};
/* End PBXNativeTarget section */

/* Begin PBXProject section */
		00B2BA031CD4538200A526BD /* Project object */ = {
			isa = PBXProject;
			attributes = {
				LastUpgradeCheck = 0700;
				ORGANIZATIONNAME = jhtxch;
				TargetAttributes = {
					00B2BA0A1CD4538200A526BD = {
						CreatedOnToolsVersion = 7.0;
					};
					00B2BA231CD4538300A526BD = {
						CreatedOnToolsVersion = 7.0;
						TestTargetID = 00B2BA0A1CD4538200A526BD;
					};
					00B2BA2E1CD4538300A526BD = {
						CreatedOnToolsVersion = 7.0;
						TestTargetID = 00B2BA0A1CD4538200A526BD;
					};
				};
			};
			buildConfigurationList = 00B2BA061CD4538200A526BD /* Build configuration list for PBXProject "IntroductionVC" */;
			compatibilityVersion = "Xcode 3.2";
			developmentRegion = English;
			hasScannedForEncodings = 0;
			knownRegions = (
				en,
				Base,
			);
			mainGroup = 00B2BA021CD4538200A526BD;
			productRefGroup = 00B2BA0C1CD4538200A526BD /* Products */;
			projectDirPath = "";
			projectRoot = "";
			targets = (
				00B2BA0A1CD4538200A526BD /* IntroductionVC */,
				00B2BA231CD4538300A526BD /* IntroductionVCTests */,
				00B2BA2E1CD4538300A526BD /* IntroductionVCUITests */,
			);
		};
/* End PBXProject section */

/* Begin PBXResourcesBuildPhase section */
		00B2BA091CD4538200A526BD /* Resources */ = {
			isa = PBXResourcesBuildPhase;
			buildActionMask = 2147483647;
			files = (
				00B2BA461CD82F2000A526BD /* IMG_0108.png in Resources */,
				00B2BA1E1CD4538300A526BD /* LaunchScreen.storyboard in Resources */,
				00B2BA1B1CD4538200A526BD /* Assets.xcassets in Resources */,
				00B2BA191CD4538200A526BD /* Main.storyboard in Resources */,
			);
			runOnlyForDeploymentPostprocessing = 0;
		};
		00B2BA221CD4538300A526BD /* Resources */ = {
			isa = PBXResourcesBuildPhase;
			buildActionMask = 2147483647;
			files = (
			);
			runOnlyForDeploymentPostprocessing = 0;
		};
		00B2BA2D1CD4538300A526BD /* Resources */ = {
			isa = PBXResourcesBuildPhase;
			buildActionMask = 2147483647;
			files = (
			);
			runOnlyForDeploymentPostprocessing = 0;
		};
/* End PBXResourcesBuildPhase section */

/* Begin PBXSourcesBuildPhase section */
		00B2BA071CD4538200A526BD /* Sources */ = {
			isa = PBXSourcesBuildPhase;
			buildActionMask = 2147483647;
			files = (
				00B2BA161CD4538200A526BD /* ViewController.m in Sources */,
				00B2BA131CD4538200A526BD /* AppDelegate.m in Sources */,
				00B2BA441CD4550C00A526BD /* IntroductionVC.m in Sources */,
				00B2BA101CD4538200A526BD /* main.m in Sources */,
			);
			runOnlyForDeploymentPostprocessing = 0;
		};
		00B2BA201CD4538300A526BD /* Sources */ = {
			isa = PBXSourcesBuildPhase;
			buildActionMask = 2147483647;
			files = (
				00B2BA291CD4538300A526BD /* IntroductionVCTests.m in Sources */,
			);
			runOnlyForDeploymentPostprocessing = 0;
		};
		00B2BA2B1CD4538300A526BD /* Sources */ = {
			isa = PBXSourcesBuildPhase;
			buildActionMask = 2147483647;
			files = (
				00B2BA341CD4538300A526BD /* IntroductionVCUITests.m in Sources */,
			);
			runOnlyForDeploymentPostprocessing = 0;
		};
/* End PBXSourcesBuildPhase section */

/* Begin PBXTargetDependency section */
		00B2BA261CD4538300A526BD /* PBXTargetDependency */ = {
			isa = PBXTargetDependency;
			target = 00B2BA0A1CD4538200A526BD /* IntroductionVC */;
			targetProxy = 00B2BA251CD4538300A526BD /* PBXContainerItemProxy */;
		};
		00B2BA311CD4538300A526BD /* PBXTargetDependency */ = {
			isa = PBXTargetDependency;
			target = 00B2BA0A1CD4538200A526BD /* IntroductionVC */;
			targetProxy = 00B2BA301CD4538300A526BD /* PBXContainerItemProxy */;
		};
/* End PBXTargetDependency section */

/* Begin PBXVariantGroup section */
		00B2BA171CD4538200A526BD /* Main.storyboard */ = {
			isa = PBXVariantGroup;
			children = (
				00B2BA181CD4538200A526BD /* Base */,
			);
			name = Main.storyboard;
			sourceTree = "<group>";
		};
		00B2BA1C1CD4538300A526BD /* LaunchScreen.storyboard */ = {
			isa = PBXVariantGroup;
			children = (
				00B2BA1D1CD4538300A526BD /* Base */,
			);
			name = LaunchScreen.storyboard;
			sourceTree = "<group>";
		};
/* End PBXVariantGroup section */

/* Begin XCBuildConfiguration section */
		00B2BA361CD4538300A526BD /* Debug */ = {
			isa = XCBuildConfiguration;
			buildSettings = {
				ALWAYS_SEARCH_USER_PATHS = NO;
				CLANG_CXX_LANGUAGE_STANDARD = "gnu++0x";
				CLANG_CXX_LIBRARY = "libc++";
				CLANG_ENABLE_MODULES = YES;
				CLANG_ENABLE_OBJC_ARC = YES;
				CLANG_WARN_BOOL_CONVERSION = YES;
				CLANG_WARN_CONSTANT_CONVERSION = YES;
				CLANG_WARN_DIRECT_OBJC_ISA_USAGE = YES_ERROR;
				CLANG_WARN_EMPTY_BODY = YES;
				CLANG_WARN_ENUM_CONVERSION = YES;
				CLANG_WARN_INT_CONVERSION = YES;
				CLANG_WARN_OBJC_ROOT_CLASS = YES_ERROR;
				CLANG_WARN_UNREACHABLE_CODE = YES;
				CLANG_WARN__DUPLICATE_METHOD_MATCH = YES;
				"CODE_SIGN_IDENTITY[sdk=iphoneos*]" = "iPhone Developer";
				COPY_PHASE_STRIP = NO;
				DEBUG_INFORMATION_FORMAT = dwarf;
				ENABLE_STRICT_OBJC_MSGSEND = YES;
				ENABLE_TESTABILITY = YES;
				GCC_C_LANGUAGE_STANDARD = gnu99;
				GCC_DYNAMIC_NO_PIC = NO;
				GCC_NO_COMMON_BLOCKS = YES;
				GCC_OPTIMIZATION_LEVEL = 0;
				GCC_PREPROCESSOR_DEFINITIONS = (
					"DEBUG=1",
					"$(inherited)",
				);
				GCC_WARN_64_TO_32_BIT_CONVERSION = YES;
				GCC_WARN_ABOUT_RETURN_TYPE = YES_ERROR;
				GCC_WARN_UNDECLARED_SELECTOR = YES;
				GCC_WARN_UNINITIALIZED_AUTOS = YES_AGGRESSIVE;
				GCC_WARN_UNUSED_FUNCTION = YES;
				GCC_WARN_UNUSED_VARIABLE = YES;
				IPHONEOS_DEPLOYMENT_TARGET = 9.0;
				MTL_ENABLE_DEBUG_INFO = YES;
				ONLY_ACTIVE_ARCH = YES;
				SDKROOT = iphoneos;
				TARGETED_DEVICE_FAMILY = "1,2";
			};
			name = Debug;
		};
		00B2BA371CD4538300A526BD /* Release */ = {
			isa = XCBuildConfiguration;
			buildSettings = {
				ALWAYS_SEARCH_USER_PATHS = NO;
				CLANG_CXX_LANGUAGE_STANDARD = "gnu++0x";
				CLANG_CXX_LIBRARY = "libc++";
				CLANG_ENABLE_MODULES = YES;
				CLANG_ENABLE_OBJC_ARC = YES;
				CLANG_WARN_BOOL_CONVERSION = YES;
				CLANG_WARN_CONSTANT_CONVERSION = YES;
				CLANG_WARN_DIRECT_OBJC_ISA_USAGE = YES_ERROR;
				CLANG_WARN_EMPTY_BODY = YES;
				CLANG_WARN_ENUM_CONVERSION = YES;
				CLANG_WARN_INT_CONVERSION = YES;
				CLANG_WARN_OBJC_ROOT_CLASS = YES_ERROR;
				CLANG_WARN_UNREACHABLE_CODE = YES;
				CLANG_WARN__DUPLICATE_METHOD_MATCH = YES;
				"CODE_SIGN_IDENTITY[sdk=iphoneos*]" = "iPhone Developer";
				COPY_PHASE_STRIP = NO;
				DEBUG_INFORMATION_FORMAT = "dwarf-with-dsym";
				ENABLE_NS_ASSERTIONS = NO;
				ENABLE_STRICT_OBJC_MSGSEND = YES;
				GCC_C_LANGUAGE_STANDARD = gnu99;
				GCC_NO_COMMON_BLOCKS = YES;
				GCC_WARN_64_TO_32_BIT_CONVERSION = YES;
				GCC_WARN_ABOUT_RETURN_TYPE = YES_ERROR;
				GCC_WARN_UNDECLARED_SELECTOR = YES;
				GCC_WARN_UNINITIALIZED_AUTOS = YES_AGGRESSIVE;
				GCC_WARN_UNUSED_FUNCTION = YES;
				GCC_WARN_UNUSED_VARIABLE = YES;
				IPHONEOS_DEPLOYMENT_TARGET = 9.0;
				MTL_ENABLE_DEBUG_INFO = NO;
				SDKROOT = iphoneos;
				TARGETED_DEVICE_FAMILY = "1,2";
				VALIDATE_PRODUCT = YES;
			};
			name = Release;
		};
		00B2BA391CD4538300A526BD /* Debug */ = {
			isa = XCBuildConfiguration;
			buildSettings = {
				ASSETCATALOG_COMPILER_APPICON_NAME = AppIcon;
				INFOPLIST_FILE = IntroductionVC/Info.plist;
				LD_RUNPATH_SEARCH_PATHS = "$(inherited) @executable_path/Frameworks";
				PRODUCT_BUNDLE_IDENTIFIER = chenhao.IntroductionVC;
				PRODUCT_NAME = "$(TARGET_NAME)";
			};
			name = Debug;
		};
		00B2BA3A1CD4538300A526BD /* Release */ = {
			isa = XCBuildConfiguration;
			buildSettings = {
				ASSETCATALOG_COMPILER_APPICON_NAME = AppIcon;
				INFOPLIST_FILE = IntroductionVC/Info.plist;
				LD_RUNPATH_SEARCH_PATHS = "$(inherited) @executable_path/Frameworks";
				PRODUCT_BUNDLE_IDENTIFIER = chenhao.IntroductionVC;
				PRODUCT_NAME = "$(TARGET_NAME)";
			};
			name = Release;
		};
		00B2BA3C1CD4538300A526BD /* Debug */ = {
			isa = XCBuildConfiguration;
			buildSettings = {
				BUNDLE_LOADER = "$(TEST_HOST)";
				INFOPLIST_FILE = IntroductionVCTests/Info.plist;
				LD_RUNPATH_SEARCH_PATHS = "$(inherited) @executable_path/Frameworks @loader_path/Frameworks";
				PRODUCT_BUNDLE_IDENTIFIER = chenhao.IntroductionVCTests;
				PRODUCT_NAME = "$(TARGET_NAME)";
				TEST_HOST = "$(BUILT_PRODUCTS_DIR)/IntroductionVC.app/IntroductionVC";
			};
			name = Debug;
		};
		00B2BA3D1CD4538300A526BD /* Release */ = {
			isa = XCBuildConfiguration;
			buildSettings = {
				BUNDLE_LOADER = "$(TEST_HOST)";
				INFOPLIST_FILE = IntroductionVCTests/Info.plist;
				LD_RUNPATH_SEARCH_PATHS = "$(inherited) @executable_path/Frameworks @loader_path/Frameworks";
				PRODUCT_BUNDLE_IDENTIFIER = chenhao.IntroductionVCTests;
				PRODUCT_NAME = "$(TARGET_NAME)";
				TEST_HOST = "$(BUILT_PRODUCTS_DIR)/IntroductionVC.app/IntroductionVC";
			};
			name = Release;
		};
		00B2BA3F1CD4538300A526BD /* Debug */ = {
			isa = XCBuildConfiguration;
			buildSettings = {
				INFOPLIST_FILE = IntroductionVCUITests/Info.plist;
				LD_RUNPATH_SEARCH_PATHS = "$(inherited) @executable_path/Frameworks @loader_path/Frameworks";
				PRODUCT_BUNDLE_IDENTIFIER = chenhao.IntroductionVCUITests;
				PRODUCT_NAME = "$(TARGET_NAME)";
				TEST_TARGET_NAME = IntroductionVC;
				USES_XCTRUNNER = YES;
			};
			name = Debug;
		};
		00B2BA401CD4538300A526BD /* Release */ = {
			isa = XCBuildConfiguration;
			buildSettings = {
				INFOPLIST_FILE = IntroductionVCUITests/Info.plist;
				LD_RUNPATH_SEARCH_PATHS = "$(inherited) @executable_path/Frameworks @loader_path/Frameworks";
				PRODUCT_BUNDLE_IDENTIFIER = chenhao.IntroductionVCUITests;
				PRODUCT_NAME = "$(TARGET_NAME)";
				TEST_TARGET_NAME = IntroductionVC;
				USES_XCTRUNNER = YES;
			};
			name = Release;
		};
/* End XCBuildConfiguration section */

/* Begin XCConfigurationList section */
		00B2BA061CD4538200A526BD /* Build configuration list for PBXProject "IntroductionVC" */ = {
			isa = XCConfigurationList;
			buildConfigurations = (
				00B2BA361CD4538300A526BD /* Debug */,
				00B2BA371CD4538300A526BD /* Release */,
			);
			defaultConfigurationIsVisible = 0;
			defaultConfigurationName = Release;
		};
		00B2BA381CD4538300A526BD /* Build configuration list for PBXNativeTarget "IntroductionVC" */ = {
			isa = XCConfigurationList;
			buildConfigurations = (
				00B2BA391CD4538300A526BD /* Debug */,
				00B2BA3A1CD4538300A526BD /* Release */,
			);
			defaultConfigurationIsVisible = 0;
			defaultConfigurationName = Release;
		};
		00B2BA3B1CD4538300A526BD /* Build configuration list for PBXNativeTarget "IntroductionVCTests" */ = {
			isa = XCConfigurationList;
			buildConfigurations = (
				00B2BA3C1CD4538300A526BD /* Debug */,
				00B2BA3D1CD4538300A526BD /* Release */,
			);
			defaultConfigurationIsVisible = 0;
			defaultConfigurationName = Release;
		};
		00B2BA3E1CD4538300A526BD /* Build configuration list for PBXNativeTarget "IntroductionVCUITests" */ = {
			isa = XCConfigurationList;
			buildConfigurations = (
				00B2BA3F1CD4538300A526BD /* Debug */,
				00B2BA401CD4538300A526BD /* Release */,
			);
			defaultConfigurationIsVisible = 0;
			defaultConfigurationName = Release;
		};
/* End XCConfigurationList section */
	};
	rootObject = 00B2BA031CD4538200A526BD /* Project object */;
}
